Microsoft Visual Studio Solution File, Format Version 12.00
# Visual Studio Version 17
VisualStudioVersion = 17.0.31903.59
MinimumVisualStudioVersion = 10.0.40219.1
Project("{FAE04EC0-301F-11D3-BF4B-00C04F79EFBC}") = "NexMote.Api", "backend\src\NexMote.Api\NexMote.Api.csproj", "{1B9DA63B-2C69-45C8-A02E-95F6F2C8ED6B}"
EndProject
Project("{FAE04EC0-301F-11D3-BF4B-00C04F79EFBC}") = "NexMote.Shared", "shared\NexMote.Shared\NexMote.Shared.csproj", "{D5F28FD7-CE0E-4564-BF0D-5AC7AA37608C}"
EndProject
Project("{FAE04EC0-301F-11D3-BF4B-00C04F79EFBC}") = "NexMote.Agent.Windows", "agent-windows\src\NexMote.Agent.Windows\NexMote.Agent.Windows.csproj", "{56CDE00F-499D-4D21-B94E-8B5FF6601A20}"
EndProject
Project("{FAE04EC0-301F-11D3-BF4B-00C04F79EFBC}") = "NexMote.Agent.Tray", "agent-windows\src\NexMote.Agent.Tray\NexMote.Agent.Tray.csproj", "{6B22D653-1505-4F1B-8E42-6C0EA21465BB}"
EndProject
Project("{FAE04EC0-301F-11D3-BF4B-00C04F79EFBC}") = "NexMote.TechnicianApp", "technician-app\src\NexMote.TechnicianApp\NexMote.TechnicianApp.csproj", "{A48D08BE-04DA-4D6B-81C5-99AC1C9EB07A}"
EndProject
Global
	GlobalSection(SolutionConfigurationPlatforms) = preSolution
		Debug|Any CPU = Debug|Any CPU
		Release|Any CPU = Release|Any CPU
	EndGlobalSection
	GlobalSection(ProjectConfigurationPlatforms) = postSolution
		{1B9DA63B-2C69-45C8-A02E-95F6F2C8ED6B}.Debug|Any CPU.ActiveCfg = Debug|Any CPU
		{1B9DA63B-2C69-45C8-A02E-95F6F2C8ED6B}.Debug|Any CPU.Build.0 = Debug|Any CPU
		{1B9DA63B-2C69-45C8-A02E-95F6F2C8ED6B}.Release|Any CPU.ActiveCfg = Release|Any CPU
		{1B9DA63B-2C69-45C8-A02E-95F6F2C8ED6B}.Release|Any CPU.Build.0 = Release|Any CPU
		{D5F28FD7-CE0E-4564-BF0D-5AC7AA37608C}.Debug|Any CPU.ActiveCfg = Debug|Any CPU
		{D5F28FD7-CE0E-4564-BF0D-5AC7AA37608C}.Debug|Any CPU.Build.0 = Debug|Any CPU
		{D5F28FD7-CE0E-4564-BF0D-5AC7AA37608C}.Release|Any CPU.ActiveCfg = Release|Any CPU
		{D5F28FD7-CE0E-4564-BF0D-5AC7AA37608C}.Release|Any CPU.Build.0 = Release|Any CPU
		{56CDE00F-499D-4D21-B94E-8B5FF6601A20}.Debug|Any CPU.ActiveCfg = Debug|Any CPU
		{56CDE00F-499D-4D21-B94E-8B5FF6601A20}.Debug|Any CPU.Build.0 = Debug|Any CPU
		{56CDE00F-499D-4D21-B94E-8B5FF6601A20}.Release|Any CPU.ActiveCfg = Release|Any CPU
		{56CDE00F-499D-4D21-B94E-8B5FF6601A20}.Release|Any CPU.Build.0 = Release|Any CPU
		{6B22D653-1505-4F1B-8E42-6C0EA21465BB}.Debug|Any CPU.ActiveCfg = Debug|Any CPU
		{6B22D653-1505-4F1B-8E42-6C0EA21465BB}.Debug|Any CPU.Build.0 = Debug|Any CPU
		{6B22D653-1505-4F1B-8E42-6C0EA21465BB}.Release|Any CPU.ActiveCfg = Release|Any CPU
		{6B22D653-1505-4F1B-8E42-6C0EA21465BB}.Release|Any CPU.Build.0 = Release|Any CPU
		{A48D08BE-04DA-4D6B-81C5-99AC1C9EB07A}.Debug|Any CPU.ActiveCfg = Debug|Any CPU
		{A48D08BE-04DA-4D6B-81C5-99AC1C9EB07A}.Debug|Any CPU.Build.0 = Debug|Any CPU
		{A48D08BE-04DA-4D6B-81C5-99AC1C9EB07A}.Release|Any CPU.ActiveCfg = Release|Any CPU
		{A48D08BE-04DA-4D6B-81C5-99AC1C9EB07A}.Release|Any CPU.Build.0 = Release|Any CPU
	EndGlobalSection
EndGlobal
